<?xml version="1.0" encoding="utf-8"?>
<Project ToolsVersion="4.0" xmlns="http://schemas.microsoft.com/developer/msbuild/2003">
  <ItemGroup>
    <Filter Include="Source Files">
      <UniqueIdentifier>{4FC737F1-C7A5-4376-A066-2A32D752A2FF}</UniqueIdentifier>
      <Extensions>qml;cpp;c;cc;cxx;def;odl;idl;hpj;bat;asm;asmx</Extensions>
    </Filter>
    <Filter Include="Header Files">
      <UniqueIdentifier>{93995380-89BD-4b04-88EB-625FBE52EBFB}</UniqueIdentifier>
      <Extensions>h;hh;hpp;hxx;hm;inl;inc;xsd</Extensions>
    </Filter>
    <Filter Include="Resource Files">
      <UniqueIdentifier>{67DA6AB6-F800-4c08-8B7A-83BB121AAD01}</UniqueIdentifier>
      <Extensions>qrc;rc;ico;cur;bmp;dlg;rc2;rct;bin;rgs;gif;jpg;jpeg;jpe;resx;tiff;tif;png;wav;mfcribbon-ms</Extensions>
    </Filter>
    <Filter Include="Form Files">
      <UniqueIdentifier>{99349809-55BA-4b9d-BF79-8FDBB0286EB3}</UniqueIdentifier>
      <Extensions>ui</Extensions>
    </Filter>
    <Filter Include="Translation Files">
      <UniqueIdentifier>{639EADAA-A684-42e4-A9AD-28FC9BCB8F7C}</UniqueIdentifier>
      <Extensions>ts</Extensions>
    </Filter>
    <Filter Include="Source Files\client">
      <UniqueIdentifier>{853e5c67-e4c4-4b3a-ba05-8a7dad654a8a}</UniqueIdentifier>
    </Filter>
    <Filter Include="Source Files\context">
      <UniqueIdentifier>{c9b1fe89-489d-4f3e-9a50-1589ea58ac40}</UniqueIdentifier>
    </Filter>
    <Filter Include="Source Files\gui">
      <UniqueIdentifier>{407e14bf-b3b6-4d77-b8c9-57d9f00ac9dd}</UniqueIdentifier>
    </Filter>
    <Filter Include="Source Files\misc">
      <UniqueIdentifier>{eb575d2d-8a4f-46d6-a53d-76c87115338d}</UniqueIdentifier>
    </Filter>
    <Filter Include="Source Files\models">
      <UniqueIdentifier>{a57a36a2-d46b-46ff-b9a8-60e3b616d04e}</UniqueIdentifier>
    </Filter>
    <Filter Include="Source Files\monitor">
      <UniqueIdentifier>{323f3689-7afc-4c1f-9802-028cab261c17}</UniqueIdentifier>
    </Filter>
    <Filter Include="Source Files\settings">
      <UniqueIdentifier>{9a611e25-e4af-498d-971b-b685635513d6}</UniqueIdentifier>
    </Filter>
    <Filter Include="Source Files\updater">
      <UniqueIdentifier>{93929754-2a2d-4078-8eb4-6801ac7543a1}</UniqueIdentifier>
    </Filter>
  </ItemGroup>
  <ItemGroup>
    <QtRcc Include="..\..\src\resources\kemai.qrc">
      <Filter>Resource Files</Filter>
    </QtRcc>
  </ItemGroup>
  <ItemGroup>
    <ClCompile Include="..\..\src\main.cpp">
      <Filter>Source Files</Filter>
    </ClCompile>
    <ClCompile Include="..\..\src\client\kimaiAPI.cpp">
      <Filter>Source Files\client</Filter>
    </ClCompile>
    <ClCompile Include="..\..\src\client\kimaiCache.cpp">
      <Filter>Source Files\client</Filter>
    </ClCompile>
    <ClCompile Include="..\..\src\client\kimaiClient.cpp">
      <Filter>Source Files\client</Filter>
    </ClCompile>
    <ClCompile Include="..\..\src\client\kimaiFeatures.cpp">
      <Filter>Source Files\client</Filter>
    </ClCompile>
    <ClCompile Include="..\..\src\client\kimaiReply.cpp">
      <Filter>Source Files\client</Filter>
    </ClCompile>
    <ClCompile Include="..\..\src\client\parser.cpp">
      <Filter>Source Files\client</Filter>
    </ClCompile>
    <ClCompile Include="..\..\src\context\kemaiSession.cpp">
      <Filter>Source Files\context</Filter>
    </ClCompile>
    <ClCompile Include="..\..\src\gui\aboutDialog.cpp">
      <Filter>Source Files\gui</Filter>
    </ClCompile>
    <ClCompile Include="..\..\src\gui\activityDialog.cpp">
      <Filter>Source Files\gui</Filter>
    </ClCompile>
    <ClCompile Include="..\..\src\gui\activityWidget.cpp">
      <Filter>Source Files\gui</Filter>
    </ClCompile>
    <ClCompile Include="..\..\src\gui\autoCompleteComboBox.cpp">
      <Filter>Source Files\gui</Filter>
    </ClCompile>
    <ClCompile Include="..\..\src\gui\customerDialog.cpp">
      <Filter>Source Files\gui</Filter>
    </ClCompile>
    <ClCompile Include="..\..\src\gui\durationEdit.cpp">
      <Filter>Source Files\gui</Filter>
    </ClCompile>
    <ClCompile Include="..\..\src\gui\loggerWidget.cpp">
      <Filter>Source Files\gui</Filter>
    </ClCompile>
    <ClCompile Include="..\..\src\gui\mainWindow.cpp">
      <Filter>Source Files\gui</Filter>
    </ClCompile>
    <ClCompile Include="..\..\src\gui\projectDialog.cpp">
      <Filter>Source Files\gui</Filter>
    </ClCompile>
    <ClCompile Include="..\..\src\gui\settingsDialog.cpp">
      <Filter>Source Files\gui</Filter>
    </ClCompile>
    <ClCompile Include="..\..\src\gui\taskWidget.cpp">
      <Filter>Source Files\gui</Filter>
    </ClCompile>
    <ClCompile Include="..\..\src\gui\timeSheetListWidgetItem.cpp">
      <Filter>Source Files\gui</Filter>
    </ClCompile>
    <ClCompile Include="..\..\src\misc\dataReader.cpp">
      <Filter>Source Files\misc</Filter>
    </ClCompile>
    <ClCompile Include="..\..\src\misc\helpers.cpp">
      <Filter>Source Files\misc</Filter>
    </ClCompile>
    <ClCompile Include="..\..\src\models\kimaiDataListModel.cpp">
      <Filter>Source Files\models</Filter>
    </ClCompile>
    <ClCompile Include="..\..\src\models\kimaiDataSortFilterProxyModel.cpp">
      <Filter>Source Files\models</Filter>
    </ClCompile>
    <ClCompile Include="..\..\src\models\loggerTreeModel.cpp">
      <Filter>Source Files\models</Filter>
    </ClCompile>
    <ClCompile Include="..\..\src\models\taskFilterProxyModel.cpp">
      <Filter>Source Files\models</Filter>
    </ClCompile>
    <ClCompile Include="..\..\src\models\taskListModel.cpp">
      <Filter>Source Files\models</Filter>
    </ClCompile>
    <ClCompile Include="..\..\src\monitor\desktopEventsMonitor.cpp">
      <Filter>Source Files\monitor</Filter>
    </ClCompile>
    <ClCompile Include="..\..\src\monitor\kimaiEventsMonitor.cpp">
      <Filter>Source Files\monitor</Filter>
    </ClCompile>
    <ClCompile Include="..\..\src\monitor\windowsDesktopEventsMonitor.cpp">
      <Filter>Source Files\monitor</Filter>
    </ClCompile>
    <ClCompile Include="..\..\src\settings\settings.cpp">
      <Filter>Source Files\settings</Filter>
    </ClCompile>
    <ClCompile Include="..\..\src\updater\kemaiUpdater.cpp">
      <Filter>Source Files\updater</Filter>
    </ClCompile>
  </ItemGroup>
  <ItemGroup>
    <QtUic Include="..\..\src\gui\aboutDialog.ui">
      <Filter>Form Files</Filter>
    </QtUic>
    <QtUic Include="..\..\src\gui\activityDialog.ui">
      <Filter>Form Files</Filter>
    </QtUic>
    <QtUic Include="..\..\src\gui\activityWidget.ui">
      <Filter>Form Files</Filter>
    </QtUic>
    <QtUic Include="..\..\src\gui\customerDialog.ui">
      <Filter>Form Files</Filter>
    </QtUic>
    <QtUic Include="..\..\src\gui\loggerWidget.ui">
      <Filter>Form Files</Filter>
    </QtUic>
    <QtUic Include="..\..\src\gui\mainWindow.ui">
      <Filter>Form Files</Filter>
    </QtUic>
    <QtUic Include="..\..\src\gui\projectDialog.ui">
      <Filter>Form Files</Filter>
    </QtUic>
    <QtUic Include="..\..\src\gui\settingsDialog.ui">
      <Filter>Form Files</Filter>
    </QtUic>
    <QtUic Include="..\..\src\gui\taskWidget.ui">
      <Filter>Form Files</Filter>
    </QtUic>
    <QtUic Include="..\..\src\gui\timeSheetListWidgetItem.ui">
      <Filter>Form Files</Filter>
    </QtUic>
  </ItemGroup>
  <ItemGroup>
    <QtMoc Include="..\..\src\client\kimaiCache.h">
      <Filter>Header Files</Filter>
    </QtMoc>
    <QtMoc Include="..\..\src\client\kimaiClient.h">
      <Filter>Header Files</Filter>
    </QtMoc>
    <QtMoc Include="..\..\src\client\kimaiClient_p.h">
      <Filter>Header Files</Filter>
    </QtMoc>
    <QtMoc Include="..\..\src\client\kimaiReply.h">
      <Filter>Header Files</Filter>
    </QtMoc>
    <QtMoc Include="..\..\src\context\kemaiSession.h">
      <Filter>Header Files</Filter>
    </QtMoc>
    <QtMoc Include="..\..\src\gui\aboutDialog.h">
      <Filter>Header Files</Filter>
    </QtMoc>
    <QtMoc Include="..\..\src\gui\activityDialog.h">
      <Filter>Header Files</Filter>
    </QtMoc>
    <QtMoc Include="..\..\src\gui\activityWidget.h">
      <Filter>Header Files</Filter>
    </QtMoc>
    <QtMoc Include="..\..\src\gui\autoCompleteComboBox.h">
      <Filter>Header Files</Filter>
    </QtMoc>
    <QtMoc Include="..\..\src\gui\customerDialog.h">
      <Filter>Header Files</Filter>
    </QtMoc>
    <QtMoc Include="..\..\src\gui\durationEdit.h">
      <Filter>Header Files</Filter>
    </QtMoc>
    <QtMoc Include="..\..\src\gui\mainWindow.h">
      <Filter>Header Files</Filter>
    </QtMoc>
    <QtMoc Include="..\..\src\gui\projectDialog.h">
      <Filter>Header Files</Filter>
    </QtMoc>
    <QtMoc Include="..\..\src\gui\settingsDialog.h">
      <Filter>Header Files</Filter>
    </QtMoc>
    <QtMoc Include="..\..\src\gui\taskWidget.h">
      <Filter>Header Files</Filter>
    </QtMoc>
    <QtMoc Include="..\..\src\gui\timeSheetListWidgetItem.h">
      <Filter>Header Files</Filter>
    </QtMoc>
    <QtMoc Include="..\..\src\models\loggerTreeModel.h">
      <Filter>Header Files</Filter>
    </QtMoc>
    <QtMoc Include="..\..\src\monitor\desktopEventsMonitor.h">
      <Filter>Header Files</Filter>
    </QtMoc>
    <QtMoc Include="..\..\src\monitor\kimaiEventsMonitor.h">
      <Filter>Header Files</Filter>
    </QtMoc>
    <QtMoc Include="..\..\src\updater\kemaiUpdater.h">
      <Filter>Header Files</Filter>
    </QtMoc>
    <QtMoc Include="..\..\src\updater\kemaiUpdater_p.h">
      <Filter>Header Files</Filter>
    </QtMoc>
  </ItemGroup>
</Project>