
Microsoft Visual Studio Solution File, Format Version 12.00
# Visual Studio Version 17
VisualStudioVersion = 17.14.36915.13 d17.14
MinimumVisualStudioVersion = 10.0.40219.1
Project("{8BC9CEB8-8B4A-11D0-8D11-00A0C91BC942}") = "kemai", "kemai.vcxproj", "{3B0D7916-8EE0-48EB-A7D3-B54CB13B36AB}"
EndProject
Global
	GlobalSection(SolutionConfigurationPlatforms) = preSolution
		Debug|x64 = Debug|x64
		Release|x64 = Release|x64
	EndGlobalSection
	GlobalSection(ProjectConfigurationPlatforms) = postSolution
		{3B0D7916-8EE0-48EB-A7D3-B54CB13B36AB}.Debug|x64.ActiveCfg = Debug|x64
		{3B0D7916-8EE0-48EB-A7D3-B54CB13B36AB}.Debug|x64.Build.0 = Debug|x64
		{3B0D7916-8EE0-48EB-A7D3-B54CB13B36AB}.Release|x64.ActiveCfg = Release|x64
		{3B0D7916-8EE0-48EB-A7D3-B54CB13B36AB}.Release|x64.Build.0 = Release|x64
	EndGlobalSection
	GlobalSection(SolutionProperties) = preSolution
		HideSolutionNode = FALSE
	EndGlobalSection
	GlobalSection(ExtensibilityGlobals) = postSolution
		SolutionGuid = {436BC597-0A4E-4641-8FFB-E20C22E161A9}
	EndGlobalSection
EndGlobal
